// !$*UTF8*$!
{
	archiveVersion = 1;
	classes = {
	};
	objectVersion = 56;
	objects = {

/* Begin PBXBuildFile section */
		BF0A24CC2C64EB0B0083495A /* GeneralSettingsView.swift in Sources */ = {isa = PBXBuildFile; fileRef = BF0A24CB2C64EB0B0083495A /* GeneralSettingsView.swift */; };
		BF5D0CC32C6488F800ECD9B8 /* DiamondApp.swift in Sources */ = {isa = PBXBuildFile; fileRef = BF5D0CC22C6488F800ECD9B8 /* DiamondApp.swift */; };
		BF5D0CC52C6488F800ECD9B8 /* ContentView.swift in Sources */ = {isa = PBXBuildFile; fileRef = BF5D0CC42C6488F800ECD9B8 /* ContentView.swift */; };
		BF5D0CC72C6488F900ECD9B8 /* Assets.xcassets in Resources */ = {isa = PBXBuildFile; fileRef = BF5D0CC62C6488F900ECD9B8 /* Assets.xcassets */; };
		BF5D0CCA2C6488F900ECD9B8 /* Preview Assets.xcassets in Resources */ = {isa = PBXBuildFile; fileRef = BF5D0CC92C6488F900ECD9B8 /* Preview Assets.xcassets */; };
		BF5D0CD32C64896F00ECD9B8 /* KeyboardShortcuts in Frameworks */ = {isa = PBXBuildFile; productRef = BF5D0CD22C64896F00ECD9B8 /* KeyboardShortcuts */; };
/* End PBXBuildFile section */

/* Begin PBXFileReference section */
		BF0A24CB2C64EB0B0083495A /* GeneralSettingsView.swift */ = {isa = PBXFileReference; lastKnownFileType = sourcecode.swift; path = GeneralSettingsView.swift; sourceTree = "<group>"; };
		BF5D0CBF2C6488F800ECD9B8 /* Diamond.app */ = {isa = PBXFileReference; explicitFileType = wrapper.application; includeInIndex = 0; path = Diamond.app; sourceTree = BUILT_PRODUCTS_DIR; };
		BF5D0CC22C6488F800ECD9B8 /* DiamondApp.swift */ = {isa = PBXFileReference; lastKnownFileType = sourcecode.swift; path = DiamondApp.swift; sourceTree = "<group>"; };
		BF5D0CC42C6488F800ECD9B8 /* ContentView.swift */ = {isa = PBXFileReference; lastKnownFileType = sourcecode.swift; path = ContentView.swift; sourceTree = "<group>"; };
		BF5D0CC62C6488F900ECD9B8 /* Assets.xcassets */ = {isa = PBXFileReference; lastKnownFileType = folder.assetcatalog; path = Assets.xcassets; sourceTree = "<group>"; };
		BF5D0CC92C6488F900ECD9B8 /* Preview Assets.xcassets */ = {isa = PBXFileReference; lastKnownFileType = folder.assetcatalog; path = "Preview Assets.xcassets"; sourceTree = "<group>"; };
		BF5D0CCB2C6488F900ECD9B8 /* Diamond.entitlements */ = {isa = PBXFileReference; lastKnownFileType = text.plist.entitlements; path = Diamond.entitlements; sourceTree = "<group>"; };
/* End PBXFileReference section */

/* Begin PBXFrameworksBuildPhase section */
		BF5D0CBC2C6488F800ECD9B8 /* Frameworks */ = {
			isa = PBXFrameworksBuildPhase;
			buildActionMask = 2147483647;
			files = (
				BF5D0CD32C64896F00ECD9B8 /* KeyboardShortcuts in Frameworks */,
			);
			runOnlyForDeploymentPostprocessing = 0;
		};
/* End PBXFrameworksBuildPhase section */

/* Begin PBXGroup section */
		BF5D0CB62C6488F800ECD9B8 = {
			isa = PBXGroup;
			children = (
				BF5D0CC12C6488F800ECD9B8 /* Diamond */,
				BF5D0CC02C6488F800ECD9B8 /* Products */,
			);
			sourceTree = "<group>";
		};
		BF5D0CC02C6488F800ECD9B8 /* Products */ = {
			isa = PBXGroup;
			children = (
				BF5D0CBF2C6488F800ECD9B8 /* Diamond.app */,
			);
			name = Products;
			sourceTree = "<group>";
		};
		BF5D0CC12C6488F800ECD9B8 /* Diamond */ = {
			isa = PBXGroup;
			children = (
				BF5D0CC22C6488F800ECD9B8 /* DiamondApp.swift */,
				BF5D0CC42C6488F800ECD9B8 /* ContentView.swift */,
				BF0A24CB2C64EB0B0083495A /* GeneralSettingsView.swift */,
				BF5D0CC62C6488F900ECD9B8 /* Assets.xcassets */,
				BF5D0CCB2C6488F900ECD9B8 /* Diamond.entitlements */,
				BF5D0CC82C6488F900ECD9B8 /* Preview Content */,
			);
			path = Diamond;
			sourceTree = "<group>";
		};
		BF5D0CC82C6488F900ECD9B8 /* Preview Content */ = {
			isa = PBXGroup;
			children = (
				BF5D0CC92C6488F900ECD9B8 /* Preview Assets.xcassets */,
			);
			path = "Preview Content";
			sourceTree = "<group>";
		};
/* End PBXGroup section */

/* Begin PBXNativeTarget section */
		BF5D0CBE2C6488F800ECD9B8 /* Diamond */ = {
			isa = PBXNativeTarget;
			buildConfigurationList = BF5D0CCE2C6488F900ECD9B8 /* Build configuration list for PBXNativeTarget "Diamond" */;
			buildPhases = (
				BF5D0CBB2C6488F800ECD9B8 /* Sources */,
				BF5D0CBC2C6488F800ECD9B8 /* Frameworks */,
				BF5D0CBD2C6488F800ECD9B8 /* Resources */,
			);
			buildRules = (
			);
			dependencies = (
			);
			name = Diamond;
			packageProductDependencies = (
				BF5D0CD22C64896F00ECD9B8 /* KeyboardShortcuts */,
			);
			productName = Diamond;
			productReference = BF5D0CBF2C6488F800ECD9B8 /* Diamond.app */;
			productType = "com.apple.product-type.application";
		};
/* End PBXNativeTarget section */

/* Begin PBXProject section */
		BF5D0CB72C6488F800ECD9B8 /* Project object */ = {
			isa = PBXProject;
			attributes = {
				BuildIndependentTargetsInParallel = 1;
				LastSwiftUpdateCheck = 1530;
				LastUpgradeCheck = 1530;
				TargetAttributes = {
					BF5D0CBE2C6488F800ECD9B8 = {
						CreatedOnToolsVersion = 15.3;
					};
				};
			};
			buildConfigurationList = BF5D0CBA2C6488F800ECD9B8 /* Build configuration list for PBXProject "Diamond" */;
			compatibilityVersion = "Xcode 14.0";
			developmentRegion = en;
			hasScannedForEncodings = 0;
			knownRegions = (
				en,
				Base,
			);
			mainGroup = BF5D0CB62C6488F800ECD9B8;
			packageReferences = (
				BF5D0CD12C64896F00ECD9B8 /* XCRemoteSwiftPackageReference "KeyboardShortcuts" */,
			);
			productRefGroup = BF5D0CC02C6488F800ECD9B8 /* Products */;
			projectDirPath = "";
			projectRoot = "";
			targets = (
				BF5D0CBE2C6488F800ECD9B8 /* Diamond */,
			);
		};
/* End PBXProject section */

/* Begin PBXResourcesBuildPhase section */
		BF5D0CBD2C6488F800ECD9B8 /* Resources */ = {
			isa = PBXResourcesBuildPhase;
			buildActionMask = 2147483647;
			files = (
				BF5D0CCA2C6488F900ECD9B8 /* Preview Assets.xcassets in Resources */,
				BF5D0CC72C6488F900ECD9B8 /* Assets.xcassets in Resources */,
			);
			runOnlyForDeploymentPostprocessing = 0;
		};
/* End PBXResourcesBuildPhase section */

/* Begin PBXSourcesBuildPhase section */
		BF5D0CBB2C6488F800ECD9B8 /* Sources */ = {
			isa = PBXSourcesBuildPhase;
			buildActionMask = 2147483647;
			files = (
				BF5D0CC52C6488F800ECD9B8 /* ContentView.swift in Sources */,
				BF5D0CC32C6488F800ECD9B8 /* DiamondApp.swift in Sources */,
				BF0A24CC2C64EB0B0083495A /* GeneralSettingsView.swift in Sources */,
			);
			runOnlyForDeploymentPostprocessing = 0;
		};
/* End PBXSourcesBuildPhase section */

/* Begin XCBuildConfiguration section */
		BF5D0CCC2C6488F900ECD9B8 /* Debug */ = {
			isa = XCBuildConfiguration;
			buildSettings = {
				ALWAYS_SEARCH_USER_PATHS = NO;
				ASSETCATALOG_COMPILER_GENERATE_SWIFT_ASSET_SYMBOL_EXTENSIONS = YES;
				CLANG_ANALYZER_NONNULL = YES;
				CLANG_ANALYZER_NUMBER_OBJECT_CONVERSION = YES_AGGRESSIVE;
				CLANG_CXX_LANGUAGE_STANDARD = "gnu++20";
				CLANG_ENABLE_MODULES = YES;
				CLANG_ENABLE_OBJC_ARC = YES;
				CLANG_ENABLE_OBJC_WEAK = YES;
				CLANG_WARN_BLOCK_CAPTURE_AUTORELEASING = YES;
				CLANG_WARN_BOOL_CONVERSION = YES;
				CLANG_WARN_COMMA = YES;
				CLANG_WARN_CONSTANT_CONVERSION = YES;
				CLANG_WARN_DEPRECATED_OBJC_IMPLEMENTATIONS = YES;
				CLANG_WARN_DIRECT_OBJC_ISA_USAGE = YES_ERROR;
				CLANG_WARN_DOCUMENTATION_COMMENTS = YES;
				CLANG_WARN_EMPTY_BODY = YES;
				CLANG_WARN_ENUM_CONVERSION = YES;
				CLANG_WARN_INFINITE_RECURSION = YES;
				CLANG_WARN_INT_CONVERSION = YES;
				CLANG_WARN_NON_LITERAL_NULL_CONVERSION = YES;
				CLANG_WARN_OBJC_IMPLICIT_RETAIN_SELF = YES;
				CLANG_WARN_OBJC_LITERAL_CONVERSION = YES;
				CLANG_WARN_OBJC_ROOT_CLASS = YES_ERROR;
				CLANG_WARN_QUOTED_INCLUDE_IN_FRAMEWORK_HEADER = YES;
				CLANG_WARN_RANGE_LOOP_ANALYSIS = YES;
				CLANG_WARN_STRICT_PROTOTYPES = YES;
				CLANG_WARN_SUSPICIOUS_MOVE = YES;
				CLANG_WARN_UNGUARDED_AVAILABILITY = YES_AGGRESSIVE;
				CLANG_WARN_UNREACHABLE_CODE = YES;
				CLANG_WARN__DUPLICATE_METHOD_MATCH = YES;
				COPY_PHASE_STRIP = NO;
				DEBUG_INFORMATION_FORMAT = dwarf;
				ENABLE_STRICT_OBJC_MSGSEND = YES;
				ENABLE_TESTABILITY = YES;
				ENABLE_USER_SCRIPT_SANDBOXING = YES;
				GCC_C_LANGUAGE_STANDARD = gnu17;
				GCC_DYNAMIC_NO_PIC = NO;
				GCC_NO_COMMON_BLOCKS = YES;
				GCC_OPTIMIZATION_LEVEL = 0;
				GCC_PREPROCESSOR_DEFINITIONS = (
					"DEBUG=1",
					"$(inherited)",
				);
				GCC_WARN_64_TO_32_BIT_CONVERSION = YES;
				GCC_WARN_ABOUT_RETURN_TYPE = YES_ERROR;
				GCC_WARN_UNDECLARED_SELECTOR = YES;
				GCC_WARN_UNINITIALIZED_AUTOS = YES_AGGRESSIVE;
				GCC_WARN_UNUSED_FUNCTION = YES;
				GCC_WARN_UNUSED_VARIABLE = YES;
				LOCALIZATION_PREFERS_STRING_CATALOGS = YES;
				MACOSX_DEPLOYMENT_TARGET = 14.4;
				MTL_ENABLE_DEBUG_INFO = INCLUDE_SOURCE;
				MTL_FAST_MATH = YES;
				ONLY_ACTIVE_ARCH = YES;
				SDKROOT = macosx;
				SWIFT_ACTIVE_COMPILATION_CONDITIONS = "DEBUG $(inherited)";
				SWIFT_OPTIMIZATION_LEVEL = "-Onone";
			};
			name = Debug;
		};
		BF5D0CCD2C6488F900ECD9B8 /* Release */ = {
			isa = XCBuildConfiguration;
			buildSettings = {
				ALWAYS_SEARCH_USER_PATHS = NO;
				ASSETCATALOG_COMPILER_GENERATE_SWIFT_ASSET_SYMBOL_EXTENSIONS = YES;
				CLANG_ANALYZER_NONNULL = YES;
				CLANG_ANALYZER_NUMBER_OBJECT_CONVERSION = YES_AGGRESSIVE;
				CLANG_CXX_LANGUAGE_STANDARD = "gnu++20";
				CLANG_ENABLE_MODULES = YES;
				CLANG_ENABLE_OBJC_ARC = YES;
				CLANG_ENABLE_OBJC_WEAK = YES;
				CLANG_WARN_BLOCK_CAPTURE_AUTORELEASING = YES;
				CLANG_WARN_BOOL_CONVERSION = YES;
				CLANG_WARN_COMMA = YES;
				CLANG_WARN_CONSTANT_CONVERSION = YES;
				CLANG_WARN_DEPRECATED_OBJC_IMPLEMENTATIONS = YES;
				CLANG_WARN_DIRECT_OBJC_ISA_USAGE = YES_ERROR;
				CLANG_WARN_DOCUMENTATION_COMMENTS = YES;
				CLANG_WARN_EMPTY_BODY = YES;
				CLANG_WARN_ENUM_CONVERSION = YES;
				CLANG_WARN_INFINITE_RECURSION = YES;
				CLANG_WARN_INT_CONVERSION = YES;
				CLANG_WARN_NON_LITERAL_NULL_CONVERSION = YES;
				CLANG_WARN_OBJC_IMPLICIT_RETAIN_SELF = YES;
				CLANG_WARN_OBJC_LITERAL_CONVERSION = YES;
				CLANG_WARN_OBJC_ROOT_CLASS = YES_ERROR;
				CLANG_WARN_QUOTED_INCLUDE_IN_FRAMEWORK_HEADER = YES;
				CLANG_WARN_RANGE_LOOP_ANALYSIS = YES;
				CLANG_WARN_STRICT_PROTOTYPES = YES;
				CLANG_WARN_SUSPICIOUS_MOVE = YES;
				CLANG_WARN_UNGUARDED_AVAILABILITY = YES_AGGRESSIVE;
				CLANG_WARN_UNREACHABLE_CODE = YES;
				CLANG_WARN__DUPLICATE_METHOD_MATCH = YES;
				COPY_PHASE_STRIP = NO;
				DEBUG_INFORMATION_FORMAT = "dwarf-with-dsym";
				ENABLE_NS_ASSERTIONS = NO;
				ENABLE_STRICT_OBJC_MSGSEND = YES;
				ENABLE_USER_SCRIPT_SANDBOXING = YES;
				GCC_C_LANGUAGE_STANDARD = gnu17;
				GCC_NO_COMMON_BLOCKS = YES;
				GCC_WARN_64_TO_32_BIT_CONVERSION = YES;
				GCC_WARN_ABOUT_RETURN_TYPE = YES_ERROR;
				GCC_WARN_UNDECLARED_SELECTOR = YES;
				GCC_WARN_UNINITIALIZED_AUTOS = YES_AGGRESSIVE;
				GCC_WARN_UNUSED_FUNCTION = YES;
				GCC_WARN_UNUSED_VARIABLE = YES;
				LOCALIZATION_PREFERS_STRING_CATALOGS = YES;
				MACOSX_DEPLOYMENT_TARGET = 14.4;
				MTL_ENABLE_DEBUG_INFO = NO;
				MTL_FAST_MATH = YES;
				SDKROOT = macosx;
				SWIFT_COMPILATION_MODE = wholemodule;
			};
			name = Release;
		};
		BF5D0CCF2C6488F900ECD9B8 /* Debug */ = {
			isa = XCBuildConfiguration;
			buildSettings = {
				ASSETCATALOG_COMPILER_APPICON_NAME = AppIcon;
				ASSETCATALOG_COMPILER_GLOBAL_ACCENT_COLOR_NAME = AccentColor;
				CODE_SIGN_ENTITLEMENTS = Diamond/Diamond.entitlements;
				CODE_SIGN_STYLE = Automatic;
				COMBINE_HIDPI_IMAGES = YES;
				CURRENT_PROJECT_VERSION = 1;
				DEVELOPMENT_ASSET_PATHS = "\"Diamond/Preview Content\"";
				DEVELOPMENT_TEAM = N492VC6PS9;
				ENABLE_HARDENED_RUNTIME = YES;
				ENABLE_PREVIEWS = YES;
				GENERATE_INFOPLIST_FILE = YES;
				INFOPLIST_KEY_CFBundleDisplayName = Diamond;
				INFOPLIST_KEY_LSApplicationCategoryType = "public.app-category.utilities";
				INFOPLIST_KEY_NSHumanReadableCopyright = "";
				LD_RUNPATH_SEARCH_PATHS = (
					"$(inherited)",
					"@executable_path/../Frameworks",
				);
				MACOSX_DEPLOYMENT_TARGET = 14.0;
				MARKETING_VERSION = 1.1;
				PRODUCT_BUNDLE_IDENTIFIER = co.terrykuo.Diamond;
				PRODUCT_NAME = "$(TARGET_NAME)";
				SWIFT_EMIT_LOC_STRINGS = YES;
				SWIFT_VERSION = 5.0;
			};
			name = Debug;
		};
		BF5D0CD02C6488F900ECD9B8 /* Release */ = {
			isa = XCBuildConfiguration;
			buildSettings = {
				ASSETCATALOG_COMPILER_APPICON_NAME = AppIcon;
				ASSETCATALOG_COMPILER_GLOBAL_ACCENT_COLOR_NAME = AccentColor;
				CODE_SIGN_ENTITLEMENTS = Diamond/Diamond.entitlements;
				CODE_SIGN_STYLE = Automatic;
				COMBINE_HIDPI_IMAGES = YES;
				CURRENT_PROJECT_VERSION = 1;
				DEVELOPMENT_ASSET_PATHS = "\"Diamond/Preview Content\"";
				DEVELOPMENT_TEAM = N492VC6PS9;
				ENABLE_HARDENED_RUNTIME = YES;
				ENABLE_PREVIEWS = YES;
				GENERATE_INFOPLIST_FILE = YES;
				INFOPLIST_KEY_CFBundleDisplayName = Diamond;
				INFOPLIST_KEY_LSApplicationCategoryType = "public.app-category.utilities";
				INFOPLIST_KEY_NSHumanReadableCopyright = "";
				LD_RUNPATH_SEARCH_PATHS = (
					"$(inherited)",
					"@executable_path/../Frameworks",
				);
				MACOSX_DEPLOYMENT_TARGET = 14.0;
				MARKETING_VERSION = 1.1;
				PRODUCT_BUNDLE_IDENTIFIER = co.terrykuo.Diamond;
				PRODUCT_NAME = "$(TARGET_NAME)";
				SWIFT_EMIT_LOC_STRINGS = YES;
				SWIFT_VERSION = 5.0;
			};
			name = Release;
		};
/* End XCBuildConfiguration section */

/* Begin XCConfigurationList section */
		BF5D0CBA2C6488F800ECD9B8 /* Build configuration list for PBXProject "Diamond" */ = {
			isa = XCConfigurationList;
			buildConfigurations = (
				BF5D0CCC2C6488F900ECD9B8 /* Debug */,
				BF5D0CCD2C6488F900ECD9B8 /* Release */,
			);
			defaultConfigurationIsVisible = 0;
			defaultConfigurationName = Release;
		};
		BF5D0CCE2C6488F900ECD9B8 /* Build configuration list for PBXNativeTarget "Diamond" */ = {
			isa = XCConfigurationList;
			buildConfigurations = (
				BF5D0CCF2C6488F900ECD9B8 /* Debug */,
				BF5D0CD02C6488F900ECD9B8 /* Release */,
			);
			defaultConfigurationIsVisible = 0;
			defaultConfigurationName = Release;
		};
/* End XCConfigurationList section */

/* Begin XCRemoteSwiftPackageReference section */
		BF5D0CD12C64896F00ECD9B8 /* XCRemoteSwiftPackageReference "KeyboardShortcuts" */ = {
			isa = XCRemoteSwiftPackageReference;
			repositoryURL = "https://github.com/sindresorhus/KeyboardShortcuts.git";
			requirement = {
				kind = upToNextMajorVersion;
				minimumVersion = 2.0.1;
			};
		};
/* End XCRemoteSwiftPackageReference section */

/* Begin XCSwiftPackageProductDependency section */
		BF5D0CD22C64896F00ECD9B8 /* KeyboardShortcuts */ = {
			isa = XCSwiftPackageProductDependency;
			package = BF5D0CD12C64896F00ECD9B8 /* XCRemoteSwiftPackageReference "KeyboardShortcuts" */;
			productName = KeyboardShortcuts;
		};
/* End XCSwiftPackageProductDependency section */
	};
	rootObject = BF5D0CB72C6488F800ECD9B8 /* Project object */;
}
