{
  "originHash" : "5da8aea243ab7d65ebfeffe15fc46957f4eab2e97ede72ca0e988bac528bbbd0",
  "pins" : [
    {
      "identity" : "keyboardshortcuts",
      "kind" : "remoteSourceControl",
      "location" : "https://github.com/sindresorhus/KeyboardShortcuts.git",
      "state" : {
        "revision" : "2e5f15581fefb821d4b366e57d817be8bf12aa58",
        "version" : "2.0.1"
      }
    }
  ],
  "version" : 3
}
